
Microsoft Visual Studio Solution File, Format Version 11.00
# Visual Studio 2010
Project("{FAE04EC0-301F-11D3-BF4B-00C04F79EFBC}") = "Unity.RenderPipelines.Universal.Editor", "Unity.RenderPipelines.Universal.Editor.csproj", "{bafe7077-eacb-71eb-c1b7-47aafe483609}"
EndProject
Project("{FAE04EC0-301F-11D3-BF4B-00C04F79EFBC}") = "Unity.Timeline", "Unity.Timeline.csproj", "{71a662fe-20ef-1f3b-f656-798f0d0a0264}"
EndProject
Project("{FAE04EC0-301F-11D3-BF4B-00C04F79EFBC}") = "Unity.Timeline.Editor", "Unity.Timeline.Editor.csproj", "{2cf0b002-af93-2d4b-d550-b2077ab54ffc}"
EndProject
Project("{FAE04EC0-301F-11D3-BF4B-00C04F79EFBC}") = "Unity.InputSystem", "Unity.InputSystem.csproj", "{57378526-4de9-e4af-6703-5a282f089bcd}"
EndProject
Project("{FAE04EC0-301F-11D3-BF4B-00C04F79EFBC}") = "Unity.ShaderGraph.Editor", "Unity.ShaderGraph.Editor.csproj", "{3bcf81e7-b9d6-8830-afd3-b02ff7ad39f0}"
EndProject
Project("{FAE04EC0-301F-11D3-BF4B-00C04F79EFBC}") = "Unity.TextMeshPro.Editor", "Unity.TextMeshPro.Editor.csproj", "{5350a671-3701-1131-28b4-85d56145d52e}"
EndProject
Project("{FAE04EC0-301F-11D3-BF4B-00C04F79EFBC}") = "Unity.VisualScripting.Flow", "Unity.VisualScripting.Flow.csproj", "{862dcc53-ed06-ac7b-abbb-769357892cdd}"
EndProject
Project("{FAE04EC0-301F-11D3-BF4B-00C04F79EFBC}") = "Unity.RenderPipelines.Universal.Runtime", "Unity.RenderPipelines.Universal.Runtime.csproj", "{2699e73a-4d62-5adc-1c75-778b011c0a62}"
EndProject
Project("{FAE04EC0-301F-11D3-BF4B-00C04F79EFBC}") = "UnityEditor.UI", "UnityEditor.UI.csproj", "{3336b1a7-8e30-587e-59f4-18abce9cd679}"
EndProject
Project("{FAE04EC0-301F-11D3-BF4B-00C04F79EFBC}") = "Unity.PlasticSCM.Editor", "Unity.PlasticSCM.Editor.csproj", "{4d3d640d-480d-5a53-bcd0-847d239e191a}"
EndProject
Project("{FAE04EC0-301F-11D3-BF4B-00C04F79EFBC}") = "Unity.RenderPipelines.Core.Runtime", "Unity.RenderPipelines.Core.Runtime.csproj", "{f53bca77-86c1-cd97-eb8b-92e4815c49cf}"
EndProject
Project("{FAE04EC0-301F-11D3-BF4B-00C04F79EFBC}") = "Unity.VisualScripting.Core", "Unity.VisualScripting.Core.csproj", "{e43c27b8-01d7-1922-200c-5bf316e9446b}"
EndProject
Project("{FAE04EC0-301F-11D3-BF4B-00C04F79EFBC}") = "Unity.Mathematics", "Unity.Mathematics.csproj", "{cb33ddf2-e364-23f5-27d7-8e06727dd37d}"
EndProject
Project("{FAE04EC0-301F-11D3-BF4B-00C04F79EFBC}") = "Unity.RenderPipelines.Core.Editor", "Unity.RenderPipelines.Core.Editor.csproj", "{66ff8008-6d06-6076-aad3-e6a040125d4a}"
EndProject
Project("{FAE04EC0-301F-11D3-BF4B-00C04F79EFBC}") = "Unity.VisualScripting.Core.Editor", "Unity.VisualScripting.Core.Editor.csproj", "{f80de7d4-ab97-c2a0-49b5-8d5b470719bd}"
EndProject
Project("{FAE04EC0-301F-11D3-BF4B-00C04F79EFBC}") = "Unity.VisualScripting.Flow.Editor", "Unity.VisualScripting.Flow.Editor.csproj", "{d30d22eb-e021-7d90-a954-51769a94557e}"
EndProject
Project("{FAE04EC0-301F-11D3-BF4B-00C04F79EFBC}") = "UnityEditor.TestRunner", "UnityEditor.TestRunner.csproj", "{d8ff31cc-459a-8da5-9271-8bd2adef44ca}"
EndProject
Project("{FAE04EC0-301F-11D3-BF4B-00C04F79EFBC}") = "Autodesk.Fbx", "Autodesk.Fbx.csproj", "{033261cc-4694-e897-24ea-c0bc30af7342}"
EndProject
Project("{FAE04EC0-301F-11D3-BF4B-00C04F79EFBC}") = "Unity.VisualScripting.SettingsProvider.Editor", "Unity.VisualScripting.SettingsProvider.Editor.csproj", "{0971477d-2cf0-2b80-1ec5-c531ca9bb294}"
EndProject
Project("{FAE04EC0-301F-11D3-BF4B-00C04F79EFBC}") = "UnityEngine.TestRunner", "UnityEngine.TestRunner.csproj", "{e3dd3d78-8a42-6a60-a487-bf4ea42a7e6f}"
EndProject
Project("{FAE04EC0-301F-11D3-BF4B-00C04F79EFBC}") = "Unity.Searcher.Editor", "Unity.Searcher.Editor.csproj", "{5d4ae168-57e8-5d08-849f-32fba4c773da}"
EndProject
Project("{FAE04EC0-301F-11D3-BF4B-00C04F79EFBC}") = "Unity.Burst", "Unity.Burst.csproj", "{9d5161ec-a9b9-2105-7023-80ef46615c50}"
EndProject
Project("{FAE04EC0-301F-11D3-BF4B-00C04F79EFBC}") = "UnityEngine.UI", "UnityEngine.UI.csproj", "{e29b67fd-9611-0461-4a00-d4902b523ca3}"
EndProject
Project("{FAE04EC0-301F-11D3-BF4B-00C04F79EFBC}") = "Unity.VisualStudio.Editor", "Unity.VisualStudio.Editor.csproj", "{a033f55b-748d-ae21-12bb-ee6c2e97dea7}"
EndProject
Project("{FAE04EC0-301F-11D3-BF4B-00C04F79EFBC}") = "PPv2URPConverters", "PPv2URPConverters.csproj", "{ec0afef2-c099-cfbb-9639-267444a94697}"
EndProject
Project("{FAE04EC0-301F-11D3-BF4B-00C04F79EFBC}") = "Unity.Rider.Editor", "Unity.Rider.Editor.csproj", "{0e4d8c8b-9737-0af5-eebd-204743f4d9ab}"
EndProject
Project("{FAE04EC0-301F-11D3-BF4B-00C04F79EFBC}") = "Unity.VisualScripting.State.Editor", "Unity.VisualScripting.State.Editor.csproj", "{c5176a0e-c25d-fb2f-6d2b-29f6cc4d2c60}"
EndProject
Project("{FAE04EC0-301F-11D3-BF4B-00C04F79EFBC}") = "Unity.Formats.Fbx.Editor", "Unity.Formats.Fbx.Editor.csproj", "{86b6ce85-151b-53cb-a62a-e390440a0078}"
EndProject
Project("{FAE04EC0-301F-11D3-BF4B-00C04F79EFBC}") = "Unity.Burst.CodeGen", "Unity.Burst.CodeGen.csproj", "{346543a3-8a17-be7a-52e1-85d8febd6c4c}"
EndProject
Project("{FAE04EC0-301F-11D3-BF4B-00C04F79EFBC}") = "Unity.RenderPipeline.Universal.ShaderLibrary", "Unity.RenderPipeline.Universal.ShaderLibrary.csproj", "{7966760a-a71f-7a71-30b0-697237681d75}"
EndProject
Project("{FAE04EC0-301F-11D3-BF4B-00C04F79EFBC}") = "Unity.VisualScripting.State", "Unity.VisualScripting.State.csproj", "{c24ace86-4aee-94a1-ca7d-a15afd8e3ff1}"
EndProject
Project("{FAE04EC0-301F-11D3-BF4B-00C04F79EFBC}") = "Unity.Formats.Fbx.Runtime", "Unity.Formats.Fbx.Runtime.csproj", "{8e9cca6c-d2c3-f176-cf56-f31147eb4bdb}"
EndProject
Project("{FAE04EC0-301F-11D3-BF4B-00C04F79EFBC}") = "Unity.TextMeshPro", "Unity.TextMeshPro.csproj", "{6f363939-a19f-6772-a007-97498c6c2967}"
EndProject
Project("{FAE04EC0-301F-11D3-BF4B-00C04F79EFBC}") = "Assembly-CSharp", "Assembly-CSharp.csproj", "{b6bbc917-d1df-7b49-5741-ba51a909ef0f}"
EndProject
Project("{FAE04EC0-301F-11D3-BF4B-00C04F79EFBC}") = "Unity.VSCode.Editor", "Unity.VSCode.Editor.csproj", "{0a70e988-404b-2b49-de78-2f556bdc9eb1}"
EndProject
Project("{FAE04EC0-301F-11D3-BF4B-00C04F79EFBC}") = "Unity.Burst.Editor", "Unity.Burst.Editor.csproj", "{01833853-0220-57f7-4fae-8792338d817f}"
EndProject
Project("{FAE04EC0-301F-11D3-BF4B-00C04F79EFBC}") = "Unity.ShaderGraph.Utilities", "Unity.ShaderGraph.Utilities.csproj", "{0a8fe098-beba-5ac6-1b86-8c0115342623}"
EndProject
Project("{FAE04EC0-301F-11D3-BF4B-00C04F79EFBC}") = "Unity.InputSystem.ForUI", "Unity.InputSystem.ForUI.csproj", "{aa47adf0-a8d5-86ec-ede9-37d55e6c2d91}"
EndProject
Project("{FAE04EC0-301F-11D3-BF4B-00C04F79EFBC}") = "Unity.Mathematics.Editor", "Unity.Mathematics.Editor.csproj", "{57dcc74d-bc85-8fc1-1733-fea88592baca}"
EndProject
Project("{FAE04EC0-301F-11D3-BF4B-00C04F79EFBC}") = "Assembly-CSharp-Editor", "Assembly-CSharp-Editor.csproj", "{55091819-8279-17a4-4a4f-b25d103765a6}"
EndProject
Project("{FAE04EC0-301F-11D3-BF4B-00C04F79EFBC}") = "Unity.InputSystem.TestFramework", "Unity.InputSystem.TestFramework.csproj", "{8cf7c675-a69d-9f12-9537-0f18df3d918b}"
EndProject
Project("{FAE04EC0-301F-11D3-BF4B-00C04F79EFBC}") = "Unity.VisualScripting.Shared.Editor", "Unity.VisualScripting.Shared.Editor.csproj", "{1360901e-17dd-e019-77e5-c0121bd95921}"
EndProject
Project("{FAE04EC0-301F-11D3-BF4B-00C04F79EFBC}") = "Unity.CollabProxy.Editor", "Unity.CollabProxy.Editor.csproj", "{f996d079-886d-5956-d8b3-db240589307c}"
EndProject
Project("{FAE04EC0-301F-11D3-BF4B-00C04F79EFBC}") = "Unity.RenderPipelines.ShaderGraph.ShaderGraphLibrary", "Unity.RenderPipelines.ShaderGraph.ShaderGraphLibrary.csproj", "{65934a95-b2a5-6d53-fac0-f575d6fc0a05}"
EndProject
Project("{FAE04EC0-301F-11D3-BF4B-00C04F79EFBC}") = "Unity.RenderPipelines.Core.ShaderLibrary", "Unity.RenderPipelines.Core.ShaderLibrary.csproj", "{8fe4318f-a2d5-6597-17e5-a621f9a1ea36}"
EndProject
Project("{FAE04EC0-301F-11D3-BF4B-00C04F79EFBC}") = "Autodesk.Fbx.Editor", "Autodesk.Fbx.Editor.csproj", "{84a24c10-fd4f-14d3-f5b2-e53206d5f8bc}"
EndProject
Project("{FAE04EC0-301F-11D3-BF4B-00C04F79EFBC}") = "FbxBuildTestAssets", "FbxBuildTestAssets.csproj", "{725a9fbe-25b7-2fae-eb0f-bd62f928e10e}"
EndProject
Project("{FAE04EC0-301F-11D3-BF4B-00C04F79EFBC}") = "Unity.RenderPipelines.Universal.Shaders", "Unity.RenderPipelines.Universal.Shaders.csproj", "{c8a1cfd2-c46a-cf80-5e40-ed249860a7b5}"
EndProject
Project("{FAE04EC0-301F-11D3-BF4B-00C04F79EFBC}") = "UnityEngine.UI.Tests", "UnityEngine.UI.Tests.csproj", "{1010b846-b9f1-fbb2-5156-8cdceb220780}"
EndProject
Project("{FAE04EC0-301F-11D3-BF4B-00C04F79EFBC}") = "Unity.Burst.Tests.UnitTests", "Unity.Burst.Tests.UnitTests.csproj", "{2e456c17-2658-5a2d-6325-8d5f95ff5ee4}"
EndProject
Project("{FAE04EC0-301F-11D3-BF4B-00C04F79EFBC}") = "UnityEditor.UI.EditorTests", "UnityEditor.UI.EditorTests.csproj", "{ce8dc020-24e2-11db-c6b8-a34ce6130d9d}"
EndProject
Project("{FAE04EC0-301F-11D3-BF4B-00C04F79EFBC}") = "Unity.Mathematics.Tests", "Unity.Mathematics.Tests.csproj", "{be4c45cf-fd6b-7aa2-8129-b725ef4b5f8f}"
EndProject
Project("{FAE04EC0-301F-11D3-BF4B-00C04F79EFBC}") = "Unity.TextMeshPro.Tests", "Unity.TextMeshPro.Tests.csproj", "{2b56286e-afca-6941-095f-e45a3023b50a}"
EndProject
Project("{FAE04EC0-301F-11D3-BF4B-00C04F79EFBC}") = "Unity.RenderPipelines.Core.Editor.Tests", "Unity.RenderPipelines.Core.Editor.Tests.csproj", "{4a1256c7-ac71-80e6-85be-683d49921552}"
EndProject
Project("{FAE04EC0-301F-11D3-BF4B-00C04F79EFBC}") = "Unity.RenderPipelines.Core.Runtime.Tests", "Unity.RenderPipelines.Core.Runtime.Tests.csproj", "{2be6d8b6-ea0c-47ac-a3e7-8d8477ca8c81}"
EndProject
Project("{FAE04EC0-301F-11D3-BF4B-00C04F79EFBC}") = "PlayModeTests", "PlayModeTests.csproj", "{ef13a0b1-79e6-b4ea-8824-5038e139e20a}"
EndProject
Project("{FAE04EC0-301F-11D3-BF4B-00C04F79EFBC}") = "Unity.Burst.Editor.Tests", "Unity.Burst.Editor.Tests.csproj", "{729da851-e77d-5d4a-5160-dd8dc1fd3e87}"
EndProject
Project("{FAE04EC0-301F-11D3-BF4B-00C04F79EFBC}") = "Unity.Searcher.EditorTests", "Unity.Searcher.EditorTests.csproj", "{d53a9375-9763-a461-9793-16f544230a3c}"
EndProject
Project("{FAE04EC0-301F-11D3-BF4B-00C04F79EFBC}") = "FbxBuildTests", "FbxBuildTests.csproj", "{104729fa-4862-d7f3-39fa-ee5f0824b621}"
EndProject
Project("{FAE04EC0-301F-11D3-BF4B-00C04F79EFBC}") = "Unity.RenderPipelines.Universal.Runtime.Tests", "Unity.RenderPipelines.Universal.Runtime.Tests.csproj", "{1dda1430-571a-fc36-6172-0c3124a7fd20}"
EndProject
Project("{FAE04EC0-301F-11D3-BF4B-00C04F79EFBC}") = "DocCodeExamples", "DocCodeExamples.csproj", "{e7fe19ba-9277-04d9-d596-e5b22fe6eca8}"
EndProject
Project("{FAE04EC0-301F-11D3-BF4B-00C04F79EFBC}") = "Unity.RenderPipelines.Universal.Editor.Tests", "Unity.RenderPipelines.Universal.Editor.Tests.csproj", "{8e42a710-4bdf-0770-d621-e3e2c706c2e0}"
EndProject
Project("{FAE04EC0-301F-11D3-BF4B-00C04F79EFBC}") = "Unity.ShaderGraph.Editor.Tests", "Unity.ShaderGraph.Editor.Tests.csproj", "{7bc6d7e0-21a1-cbf2-dae6-5c4407a70e89}"
EndProject
Project("{FAE04EC0-301F-11D3-BF4B-00C04F79EFBC}") = "FbxUnitTests", "FbxUnitTests.csproj", "{4dba3fe4-6347-e8a0-c3a4-3dae34e34096}"
EndProject
Project("{FAE04EC0-301F-11D3-BF4B-00C04F79EFBC}") = "Unity.TextMeshPro.Editor.Tests", "Unity.TextMeshPro.Editor.Tests.csproj", "{48ebdb41-7906-463d-7c8c-afe8104081a0}"
EndProject
Project("{FAE04EC0-301F-11D3-BF4B-00C04F79EFBC}") = "Unity.InputSystem.IntegrationTests", "Unity.InputSystem.IntegrationTests.csproj", "{40b9197f-bbd5-0d93-6a41-1f53f15448ac}"
EndProject
Project("{FAE04EC0-301F-11D3-BF4B-00C04F79EFBC}") = "FbxLinuxTest", "FbxLinuxTest.csproj", "{f7ef4e4a-6022-2152-34c5-a44fb297bd85}"
EndProject
Project("{FAE04EC0-301F-11D3-BF4B-00C04F79EFBC}") = "FbxUseCaseTests", "FbxUseCaseTests.csproj", "{83319f0e-f1dd-b1e6-74b3-7445071cfb41}"
EndProject
Project("{FAE04EC0-301F-11D3-BF4B-00C04F79EFBC}") = "SeparateAssembly", "SeparateAssembly.csproj", "{841446b0-8bed-cdfe-bc0c-bc48937f5b82}"
EndProject
Project("{FAE04EC0-301F-11D3-BF4B-00C04F79EFBC}") = "OverloadedFunctionPointers", "OverloadedFunctionPointers.csproj", "{49dabe09-9d93-bd61-ff07-4d4860389603}"
EndProject
Global
	GlobalSection(SolutionConfigurationPlatforms) = preSolution
		Debug|Any CPU = Debug|Any CPU
	EndGlobalSection
	GlobalSection(ProjectConfigurationPlatforms) = postSolution
		{bafe7077-eacb-71eb-c1b7-47aafe483609}.Debug|Any CPU.ActiveCfg = Debug|Any CPU
		{bafe7077-eacb-71eb-c1b7-47aafe483609}.Debug|Any CPU.Build.0 = Debug|Any CPU
		{71a662fe-20ef-1f3b-f656-798f0d0a0264}.Debug|Any CPU.ActiveCfg = Debug|Any CPU
		{71a662fe-20ef-1f3b-f656-798f0d0a0264}.Debug|Any CPU.Build.0 = Debug|Any CPU
		{2cf0b002-af93-2d4b-d550-b2077ab54ffc}.Debug|Any CPU.ActiveCfg = Debug|Any CPU
		{2cf0b002-af93-2d4b-d550-b2077ab54ffc}.Debug|Any CPU.Build.0 = Debug|Any CPU
		{57378526-4de9-e4af-6703-5a282f089bcd}.Debug|Any CPU.ActiveCfg = Debug|Any CPU
		{57378526-4de9-e4af-6703-5a282f089bcd}.Debug|Any CPU.Build.0 = Debug|Any CPU
		{3bcf81e7-b9d6-8830-afd3-b02ff7ad39f0}.Debug|Any CPU.ActiveCfg = Debug|Any CPU
		{3bcf81e7-b9d6-8830-afd3-b02ff7ad39f0}.Debug|Any CPU.Build.0 = Debug|Any CPU
		{5350a671-3701-1131-28b4-85d56145d52e}.Debug|Any CPU.ActiveCfg = Debug|Any CPU
		{5350a671-3701-1131-28b4-85d56145d52e}.Debug|Any CPU.Build.0 = Debug|Any CPU
		{862dcc53-ed06-ac7b-abbb-769357892cdd}.Debug|Any CPU.ActiveCfg = Debug|Any CPU
		{862dcc53-ed06-ac7b-abbb-769357892cdd}.Debug|Any CPU.Build.0 = Debug|Any CPU
		{2699e73a-4d62-5adc-1c75-778b011c0a62}.Debug|Any CPU.ActiveCfg = Debug|Any CPU
		{2699e73a-4d62-5adc-1c75-778b011c0a62}.Debug|Any CPU.Build.0 = Debug|Any CPU
		{3336b1a7-8e30-587e-59f4-18abce9cd679}.Debug|Any CPU.ActiveCfg = Debug|Any CPU
		{3336b1a7-8e30-587e-59f4-18abce9cd679}.Debug|Any CPU.Build.0 = Debug|Any CPU
		{4d3d640d-480d-5a53-bcd0-847d239e191a}.Debug|Any CPU.ActiveCfg = Debug|Any CPU
		{4d3d640d-480d-5a53-bcd0-847d239e191a}.Debug|Any CPU.Build.0 = Debug|Any CPU
		{f53bca77-86c1-cd97-eb8b-92e4815c49cf}.Debug|Any CPU.ActiveCfg = Debug|Any CPU
		{f53bca77-86c1-cd97-eb8b-92e4815c49cf}.Debug|Any CPU.Build.0 = Debug|Any CPU
		{e43c27b8-01d7-1922-200c-5bf316e9446b}.Debug|Any CPU.ActiveCfg = Debug|Any CPU
		{e43c27b8-01d7-1922-200c-5bf316e9446b}.Debug|Any CPU.Build.0 = Debug|Any CPU
		{cb33ddf2-e364-23f5-27d7-8e06727dd37d}.Debug|Any CPU.ActiveCfg = Debug|Any CPU
		{cb33ddf2-e364-23f5-27d7-8e06727dd37d}.Debug|Any CPU.Build.0 = Debug|Any CPU
		{66ff8008-6d06-6076-aad3-e6a040125d4a}.Debug|Any CPU.ActiveCfg = Debug|Any CPU
		{66ff8008-6d06-6076-aad3-e6a040125d4a}.Debug|Any CPU.Build.0 = Debug|Any CPU
		{f80de7d4-ab97-c2a0-49b5-8d5b470719bd}.Debug|Any CPU.ActiveCfg = Debug|Any CPU
		{f80de7d4-ab97-c2a0-49b5-8d5b470719bd}.Debug|Any CPU.Build.0 = Debug|Any CPU
		{d30d22eb-e021-7d90-a954-51769a94557e}.Debug|Any CPU.ActiveCfg = Debug|Any CPU
		{d30d22eb-e021-7d90-a954-51769a94557e}.Debug|Any CPU.Build.0 = Debug|Any CPU
		{d8ff31cc-459a-8da5-9271-8bd2adef44ca}.Debug|Any CPU.ActiveCfg = Debug|Any CPU
		{d8ff31cc-459a-8da5-9271-8bd2adef44ca}.Debug|Any CPU.Build.0 = Debug|Any CPU
		{033261cc-4694-e897-24ea-c0bc30af7342}.Debug|Any CPU.ActiveCfg = Debug|Any CPU
		{033261cc-4694-e897-24ea-c0bc30af7342}.Debug|Any CPU.Build.0 = Debug|Any CPU
		{0971477d-2cf0-2b80-1ec5-c531ca9bb294}.Debug|Any CPU.ActiveCfg = Debug|Any CPU
		{0971477d-2cf0-2b80-1ec5-c531ca9bb294}.Debug|Any CPU.Build.0 = Debug|Any CPU
		{e3dd3d78-8a42-6a60-a487-bf4ea42a7e6f}.Debug|Any CPU.ActiveCfg = Debug|Any CPU
		{e3dd3d78-8a42-6a60-a487-bf4ea42a7e6f}.Debug|Any CPU.Build.0 = Debug|Any CPU
		{5d4ae168-57e8-5d08-849f-32fba4c773da}.Debug|Any CPU.ActiveCfg = Debug|Any CPU
		{5d4ae168-57e8-5d08-849f-32fba4c773da}.Debug|Any CPU.Build.0 = Debug|Any CPU
		{9d5161ec-a9b9-2105-7023-80ef46615c50}.Debug|Any CPU.ActiveCfg = Debug|Any CPU
		{9d5161ec-a9b9-2105-7023-80ef46615c50}.Debug|Any CPU.Build.0 = Debug|Any CPU
		{e29b67fd-9611-0461-4a00-d4902b523ca3}.Debug|Any CPU.ActiveCfg = Debug|Any CPU
		{e29b67fd-9611-0461-4a00-d4902b523ca3}.Debug|Any CPU.Build.0 = Debug|Any CPU
		{a033f55b-748d-ae21-12bb-ee6c2e97dea7}.Debug|Any CPU.ActiveCfg = Debug|Any CPU
		{a033f55b-748d-ae21-12bb-ee6c2e97dea7}.Debug|Any CPU.Build.0 = Debug|Any CPU
		{ec0afef2-c099-cfbb-9639-267444a94697}.Debug|Any CPU.ActiveCfg = Debug|Any CPU
		{ec0afef2-c099-cfbb-9639-267444a94697}.Debug|Any CPU.Build.0 = Debug|Any CPU
		{0e4d8c8b-9737-0af5-eebd-204743f4d9ab}.Debug|Any CPU.ActiveCfg = Debug|Any CPU
		{0e4d8c8b-9737-0af5-eebd-204743f4d9ab}.Debug|Any CPU.Build.0 = Debug|Any CPU
		{c5176a0e-c25d-fb2f-6d2b-29f6cc4d2c60}.Debug|Any CPU.ActiveCfg = Debug|Any CPU
		{c5176a0e-c25d-fb2f-6d2b-29f6cc4d2c60}.Debug|Any CPU.Build.0 = Debug|Any CPU
		{86b6ce85-151b-53cb-a62a-e390440a0078}.Debug|Any CPU.ActiveCfg = Debug|Any CPU
		{86b6ce85-151b-53cb-a62a-e390440a0078}.Debug|Any CPU.Build.0 = Debug|Any CPU
		{346543a3-8a17-be7a-52e1-85d8febd6c4c}.Debug|Any CPU.ActiveCfg = Debug|Any CPU
		{346543a3-8a17-be7a-52e1-85d8febd6c4c}.Debug|Any CPU.Build.0 = Debug|Any CPU
		{7966760a-a71f-7a71-30b0-697237681d75}.Debug|Any CPU.ActiveCfg = Debug|Any CPU
		{7966760a-a71f-7a71-30b0-697237681d75}.Debug|Any CPU.Build.0 = Debug|Any CPU
		{c24ace86-4aee-94a1-ca7d-a15afd8e3ff1}.Debug|Any CPU.ActiveCfg = Debug|Any CPU
		{c24ace86-4aee-94a1-ca7d-a15afd8e3ff1}.Debug|Any CPU.Build.0 = Debug|Any CPU
		{8e9cca6c-d2c3-f176-cf56-f31147eb4bdb}.Debug|Any CPU.ActiveCfg = Debug|Any CPU
		{8e9cca6c-d2c3-f176-cf56-f31147eb4bdb}.Debug|Any CPU.Build.0 = Debug|Any CPU
		{6f363939-a19f-6772-a007-97498c6c2967}.Debug|Any CPU.ActiveCfg = Debug|Any CPU
		{6f363939-a19f-6772-a007-97498c6c2967}.Debug|Any CPU.Build.0 = Debug|Any CPU
		{b6bbc917-d1df-7b49-5741-ba51a909ef0f}.Debug|Any CPU.ActiveCfg = Debug|Any CPU
		{b6bbc917-d1df-7b49-5741-ba51a909ef0f}.Debug|Any CPU.Build.0 = Debug|Any CPU
		{0a70e988-404b-2b49-de78-2f556bdc9eb1}.Debug|Any CPU.ActiveCfg = Debug|Any CPU
		{0a70e988-404b-2b49-de78-2f556bdc9eb1}.Debug|Any CPU.Build.0 = Debug|Any CPU
		{01833853-0220-57f7-4fae-8792338d817f}.Debug|Any CPU.ActiveCfg = Debug|Any CPU
		{01833853-0220-57f7-4fae-8792338d817f}.Debug|Any CPU.Build.0 = Debug|Any CPU
		{0a8fe098-beba-5ac6-1b86-8c0115342623}.Debug|Any CPU.ActiveCfg = Debug|Any CPU
		{0a8fe098-beba-5ac6-1b86-8c0115342623}.Debug|Any CPU.Build.0 = Debug|Any CPU
		{aa47adf0-a8d5-86ec-ede9-37d55e6c2d91}.Debug|Any CPU.ActiveCfg = Debug|Any CPU
		{aa47adf0-a8d5-86ec-ede9-37d55e6c2d91}.Debug|Any CPU.Build.0 = Debug|Any CPU
		{57dcc74d-bc85-8fc1-1733-fea88592baca}.Debug|Any CPU.ActiveCfg = Debug|Any CPU
		{57dcc74d-bc85-8fc1-1733-fea88592baca}.Debug|Any CPU.Build.0 = Debug|Any CPU
		{55091819-8279-17a4-4a4f-b25d103765a6}.Debug|Any CPU.ActiveCfg = Debug|Any CPU
		{55091819-8279-17a4-4a4f-b25d103765a6}.Debug|Any CPU.Build.0 = Debug|Any CPU
		{8cf7c675-a69d-9f12-9537-0f18df3d918b}.Debug|Any CPU.ActiveCfg = Debug|Any CPU
		{8cf7c675-a69d-9f12-9537-0f18df3d918b}.Debug|Any CPU.Build.0 = Debug|Any CPU
		{1360901e-17dd-e019-77e5-c0121bd95921}.Debug|Any CPU.ActiveCfg = Debug|Any CPU
		{1360901e-17dd-e019-77e5-c0121bd95921}.Debug|Any CPU.Build.0 = Debug|Any CPU
		{f996d079-886d-5956-d8b3-db240589307c}.Debug|Any CPU.ActiveCfg = Debug|Any CPU
		{f996d079-886d-5956-d8b3-db240589307c}.Debug|Any CPU.Build.0 = Debug|Any CPU
		{65934a95-b2a5-6d53-fac0-f575d6fc0a05}.Debug|Any CPU.ActiveCfg = Debug|Any CPU
		{65934a95-b2a5-6d53-fac0-f575d6fc0a05}.Debug|Any CPU.Build.0 = Debug|Any CPU
		{8fe4318f-a2d5-6597-17e5-a621f9a1ea36}.Debug|Any CPU.ActiveCfg = Debug|Any CPU
		{8fe4318f-a2d5-6597-17e5-a621f9a1ea36}.Debug|Any CPU.Build.0 = Debug|Any CPU
		{84a24c10-fd4f-14d3-f5b2-e53206d5f8bc}.Debug|Any CPU.ActiveCfg = Debug|Any CPU
		{84a24c10-fd4f-14d3-f5b2-e53206d5f8bc}.Debug|Any CPU.Build.0 = Debug|Any CPU
		{725a9fbe-25b7-2fae-eb0f-bd62f928e10e}.Debug|Any CPU.ActiveCfg = Debug|Any CPU
		{725a9fbe-25b7-2fae-eb0f-bd62f928e10e}.Debug|Any CPU.Build.0 = Debug|Any CPU
		{c8a1cfd2-c46a-cf80-5e40-ed249860a7b5}.Debug|Any CPU.ActiveCfg = Debug|Any CPU
		{c8a1cfd2-c46a-cf80-5e40-ed249860a7b5}.Debug|Any CPU.Build.0 = Debug|Any CPU
		{1010b846-b9f1-fbb2-5156-8cdceb220780}.Debug|Any CPU.ActiveCfg = Debug|Any CPU
		{1010b846-b9f1-fbb2-5156-8cdceb220780}.Debug|Any CPU.Build.0 = Debug|Any CPU
		{2e456c17-2658-5a2d-6325-8d5f95ff5ee4}.Debug|Any CPU.ActiveCfg = Debug|Any CPU
		{2e456c17-2658-5a2d-6325-8d5f95ff5ee4}.Debug|Any CPU.Build.0 = Debug|Any CPU
		{ce8dc020-24e2-11db-c6b8-a34ce6130d9d}.Debug|Any CPU.ActiveCfg = Debug|Any CPU
		{ce8dc020-24e2-11db-c6b8-a34ce6130d9d}.Debug|Any CPU.Build.0 = Debug|Any CPU
		{be4c45cf-fd6b-7aa2-8129-b725ef4b5f8f}.Debug|Any CPU.ActiveCfg = Debug|Any CPU
		{be4c45cf-fd6b-7aa2-8129-b725ef4b5f8f}.Debug|Any CPU.Build.0 = Debug|Any CPU
		{2b56286e-afca-6941-095f-e45a3023b50a}.Debug|Any CPU.ActiveCfg = Debug|Any CPU
		{2b56286e-afca-6941-095f-e45a3023b50a}.Debug|Any CPU.Build.0 = Debug|Any CPU
		{4a1256c7-ac71-80e6-85be-683d49921552}.Debug|Any CPU.ActiveCfg = Debug|Any CPU
		{4a1256c7-ac71-80e6-85be-683d49921552}.Debug|Any CPU.Build.0 = Debug|Any CPU
		{2be6d8b6-ea0c-47ac-a3e7-8d8477ca8c81}.Debug|Any CPU.ActiveCfg = Debug|Any CPU
		{2be6d8b6-ea0c-47ac-a3e7-8d8477ca8c81}.Debug|Any CPU.Build.0 = Debug|Any CPU
		{ef13a0b1-79e6-b4ea-8824-5038e139e20a}.Debug|Any CPU.ActiveCfg = Debug|Any CPU
		{ef13a0b1-79e6-b4ea-8824-5038e139e20a}.Debug|Any CPU.Build.0 = Debug|Any CPU
		{729da851-e77d-5d4a-5160-dd8dc1fd3e87}.Debug|Any CPU.ActiveCfg = Debug|Any CPU
		{729da851-e77d-5d4a-5160-dd8dc1fd3e87}.Debug|Any CPU.Build.0 = Debug|Any CPU
		{d53a9375-9763-a461-9793-16f544230a3c}.Debug|Any CPU.ActiveCfg = Debug|Any CPU
		{d53a9375-9763-a461-9793-16f544230a3c}.Debug|Any CPU.Build.0 = Debug|Any CPU
		{104729fa-4862-d7f3-39fa-ee5f0824b621}.Debug|Any CPU.ActiveCfg = Debug|Any CPU
		{104729fa-4862-d7f3-39fa-ee5f0824b621}.Debug|Any CPU.Build.0 = Debug|Any CPU
		{1dda1430-571a-fc36-6172-0c3124a7fd20}.Debug|Any CPU.ActiveCfg = Debug|Any CPU
		{1dda1430-571a-fc36-6172-0c3124a7fd20}.Debug|Any CPU.Build.0 = Debug|Any CPU
		{e7fe19ba-9277-04d9-d596-e5b22fe6eca8}.Debug|Any CPU.ActiveCfg = Debug|Any CPU
		{e7fe19ba-9277-04d9-d596-e5b22fe6eca8}.Debug|Any CPU.Build.0 = Debug|Any CPU
		{8e42a710-4bdf-0770-d621-e3e2c706c2e0}.Debug|Any CPU.ActiveCfg = Debug|Any CPU
		{8e42a710-4bdf-0770-d621-e3e2c706c2e0}.Debug|Any CPU.Build.0 = Debug|Any CPU
		{7bc6d7e0-21a1-cbf2-dae6-5c4407a70e89}.Debug|Any CPU.ActiveCfg = Debug|Any CPU
		{7bc6d7e0-21a1-cbf2-dae6-5c4407a70e89}.Debug|Any CPU.Build.0 = Debug|Any CPU
		{4dba3fe4-6347-e8a0-c3a4-3dae34e34096}.Debug|Any CPU.ActiveCfg = Debug|Any CPU
		{4dba3fe4-6347-e8a0-c3a4-3dae34e34096}.Debug|Any CPU.Build.0 = Debug|Any CPU
		{48ebdb41-7906-463d-7c8c-afe8104081a0}.Debug|Any CPU.ActiveCfg = Debug|Any CPU
		{48ebdb41-7906-463d-7c8c-afe8104081a0}.Debug|Any CPU.Build.0 = Debug|Any CPU
		{40b9197f-bbd5-0d93-6a41-1f53f15448ac}.Debug|Any CPU.ActiveCfg = Debug|Any CPU
		{40b9197f-bbd5-0d93-6a41-1f53f15448ac}.Debug|Any CPU.Build.0 = Debug|Any CPU
		{f7ef4e4a-6022-2152-34c5-a44fb297bd85}.Debug|Any CPU.ActiveCfg = Debug|Any CPU
		{f7ef4e4a-6022-2152-34c5-a44fb297bd85}.Debug|Any CPU.Build.0 = Debug|Any CPU
		{83319f0e-f1dd-b1e6-74b3-7445071cfb41}.Debug|Any CPU.ActiveCfg = Debug|Any CPU
		{83319f0e-f1dd-b1e6-74b3-7445071cfb41}.Debug|Any CPU.Build.0 = Debug|Any CPU
		{841446b0-8bed-cdfe-bc0c-bc48937f5b82}.Debug|Any CPU.ActiveCfg = Debug|Any CPU
		{841446b0-8bed-cdfe-bc0c-bc48937f5b82}.Debug|Any CPU.Build.0 = Debug|Any CPU
		{49dabe09-9d93-bd61-ff07-4d4860389603}.Debug|Any CPU.ActiveCfg = Debug|Any CPU
		{49dabe09-9d93-bd61-ff07-4d4860389603}.Debug|Any CPU.Build.0 = Debug|Any CPU
	EndGlobalSection
	GlobalSection(SolutionProperties) = preSolution
		HideSolutionNode = FALSE
	EndGlobalSection
EndGlobal
